// !$*UTF8*$!
{
	archiveVersion = 1;
	classes = {
	};
	objectVersion = 77;
	objects = {

/* Begin PBXContainerItemProxy section */
		BEB694C82DAF63A8009A04E0 /* PBXContainerItemProxy */ = {
			isa = PBXContainerItemProxy;
			containerPortal = BEB694AF2DAF63A6009A04E0 /* Project object */;
			proxyType = 1;
			remoteGlobalIDString = BEB694B62DAF63A6009A04E0;
			remoteInfo = Logo2D;
		};
		BEB694D22DAF63A8009A04E0 /* PBXContainerItemProxy */ = {
			isa = PBXContainerItemProxy;
			containerPortal = BEB694AF2DAF63A6009A04E0 /* Project object */;
			proxyType = 1;
			remoteGlobalIDString = BEB694B62DAF63A6009A04E0;
			remoteInfo = Logo2D;
		};
/* End PBXContainerItemProxy section */

/* Begin PBXFileReference section */
		BEB694B72DAF63A6009A04E0 /* Logo2D.app */ = {isa = PBXFileReference; explicitFileType = wrapper.application; includeInIndex = 0; path = Logo2D.app; sourceTree = BUILT_PRODUCTS_DIR; };
		BEB694C72DAF63A8009A04E0 /* Logo2DTests.xctest */ = {isa = PBXFileReference; explicitFileType = wrapper.cfbundle; includeInIndex = 0; path = Logo2DTests.xctest; sourceTree = BUILT_PRODUCTS_DIR; };
		BEB694D12DAF63A8009A04E0 /* Logo2DUITests.xctest */ = {isa = PBXFileReference; explicitFileType = wrapper.cfbundle; includeInIndex = 0; path = Logo2DUITests.xctest; sourceTree = BUILT_PRODUCTS_DIR; };
/* End PBXFileReference section */

/* Begin PBXFileSystemSynchronizedRootGroup section */
		BEB694B92DAF63A6009A04E0 /* Logo2D */ = {
			isa = PBXFileSystemSynchronizedRootGroup;
			path = Logo2D;
			sourceTree = "<group>";
		};
		BEB694CA2DAF63A8009A04E0 /* Logo2DTests */ = {
			isa = PBXFileSystemSynchronizedRootGroup;
			path = Logo2DTests;
			sourceTree = "<group>";
		};
		BEB694D42DAF63A8009A04E0 /* Logo2DUITests */ = {
			isa = PBXFileSystemSynchronizedRootGroup;
			path = Logo2DUITests;
			sourceTree = "<group>";
		};
/* End PBXFileSystemSynchronizedRootGroup section */

/* Begin PBXFrameworksBuildPhase section */
		BEB694B42DAF63A6009A04E0 /* Frameworks */ = {
			isa = PBXFrameworksBuildPhase;
			buildActionMask = 2147483647;
			files = (
			);
			runOnlyForDeploymentPostprocessing = 0;
		};
		BEB694C42DAF63A8009A04E0 /* Frameworks */ = {
			isa = PBXFrameworksBuildPhase;
			buildActionMask = 2147483647;
			files = (
			);
			runOnlyForDeploymentPostprocessing = 0;
		};
		BEB694CE2DAF63A8009A04E0 /* Frameworks */ = {
			isa = PBXFrameworksBuildPhase;
			buildActionMask = 2147483647;
			files = (
			);
			runOnlyForDeploymentPostprocessing = 0;
		};
/* End PBXFrameworksBuildPhase section */

/* Begin PBXGroup section */
		BEB694AE2DAF63A6009A04E0 = {
			isa = PBXGroup;
			children = (
				BEB694B92DAF63A6009A04E0 /* Logo2D */,
				BEB694CA2DAF63A8009A04E0 /* Logo2DTests */,
				BEB694D42DAF63A8009A04E0 /* Logo2DUITests */,
				BEB694B82DAF63A6009A04E0 /* Products */,
			);
			sourceTree = "<group>";
		};
		BEB694B82DAF63A6009A04E0 /* Products */ = {
			isa = PBXGroup;
			children = (
				BEB694B72DAF63A6009A04E0 /* Logo2D.app */,
				BEB694C72DAF63A8009A04E0 /* Logo2DTests.xctest */,
				BEB694D12DAF63A8009A04E0 /* Logo2DUITests.xctest */,
			);
			name = Products;
			sourceTree = "<group>";
		};
/* End PBXGroup section */

/* Begin PBXNativeTarget section */
		BEB694B62DAF63A6009A04E0 /* Logo2D */ = {
			isa = PBXNativeTarget;
			buildConfigurationList = BEB694DB2DAF63A8009A04E0 /* Build configuration list for PBXNativeTarget "Logo2D" */;
			buildPhases = (
				BEB694B32DAF63A6009A04E0 /* Sources */,
				BEB694B42DAF63A6009A04E0 /* Frameworks */,
				BEB694B52DAF63A6009A04E0 /* Resources */,
			);
			buildRules = (
			);
			dependencies = (
			);
			fileSystemSynchronizedGroups = (
				BEB694B92DAF63A6009A04E0 /* Logo2D */,
			);
			name = Logo2D;
			packageProductDependencies = (
			);
			productName = Logo2D;
			productReference = BEB694B72DAF63A6009A04E0 /* Logo2D.app */;
			productType = "com.apple.product-type.application";
		};
		BEB694C62DAF63A8009A04E0 /* Logo2DTests */ = {
			isa = PBXNativeTarget;
			buildConfigurationList = BEB694DE2DAF63A8009A04E0 /* Build configuration list for PBXNativeTarget "Logo2DTests" */;
			buildPhases = (
				BEB694C32DAF63A8009A04E0 /* Sources */,
				BEB694C42DAF63A8009A04E0 /* Frameworks */,
				BEB694C52DAF63A8009A04E0 /* Resources */,
			);
			buildRules = (
			);
			dependencies = (
				BEB694C92DAF63A8009A04E0 /* PBXTargetDependency */,
			);
			fileSystemSynchronizedGroups = (
				BEB694CA2DAF63A8009A04E0 /* Logo2DTests */,
			);
			name = Logo2DTests;
			packageProductDependencies = (
			);
			productName = Logo2DTests;
			productReference = BEB694C72DAF63A8009A04E0 /* Logo2DTests.xctest */;
			productType = "com.apple.product-type.bundle.unit-test";
		};
		BEB694D02DAF63A8009A04E0 /* Logo2DUITests */ = {
			isa = PBXNativeTarget;
			buildConfigurationList = BEB694E12DAF63A8009A04E0 /* Build configuration list for PBXNativeTarget "Logo2DUITests" */;
			buildPhases = (
				BEB694CD2DAF63A8009A04E0 /* Sources */,
				BEB694CE2DAF63A8009A04E0 /* Frameworks */,
				BEB694CF2DAF63A8009A04E0 /* Resources */,
			);
			buildRules = (
			);
			dependencies = (
				BEB694D32DAF63A8009A04E0 /* PBXTargetDependency */,
			);
			fileSystemSynchronizedGroups = (
				BEB694D42DAF63A8009A04E0 /* Logo2DUITests */,
			);
			name = Logo2DUITests;
			packageProductDependencies = (
			);
			productName = Logo2DUITests;
			productReference = BEB694D12DAF63A8009A04E0 /* Logo2DUITests.xctest */;
			productType = "com.apple.product-type.bundle.ui-testing";
		};
/* End PBXNativeTarget section */

/* Begin PBXProject section */
		BEB694AF2DAF63A6009A04E0 /* Project object */ = {
			isa = PBXProject;
			attributes = {
				BuildIndependentTargetsInParallel = 1;
				LastSwiftUpdateCheck = 1610;
				LastUpgradeCheck = 1610;
				TargetAttributes = {
					BEB694B62DAF63A6009A04E0 = {
						CreatedOnToolsVersion = 16.1;
					};
					BEB694C62DAF63A8009A04E0 = {
						CreatedOnToolsVersion = 16.1;
						TestTargetID = BEB694B62DAF63A6009A04E0;
					};
					BEB694D02DAF63A8009A04E0 = {
						CreatedOnToolsVersion = 16.1;
						TestTargetID = BEB694B62DAF63A6009A04E0;
					};
				};
			};
			buildConfigurationList = BEB694B22DAF63A6009A04E0 /* Build configuration list for PBXProject "Logo2D" */;
			developmentRegion = en;
			hasScannedForEncodings = 0;
			knownRegions = (
				en,
				Base,
			);
			mainGroup = BEB694AE2DAF63A6009A04E0;
			minimizedProjectReferenceProxies = 1;
			preferredProjectObjectVersion = 77;
			productRefGroup = BEB694B82DAF63A6009A04E0 /* Products */;
			projectDirPath = "";
			projectRoot = "";
			targets = (
				BEB694B62DAF63A6009A04E0 /* Logo2D */,
				BEB694C62DAF63A8009A04E0 /* Logo2DTests */,
				BEB694D02DAF63A8009A04E0 /* Logo2DUITests */,
			);
		};
/* End PBXProject section */

/* Begin PBXResourcesBuildPhase section */
		BEB694B52DAF63A6009A04E0 /* Resources */ = {
			isa = PBXResourcesBuildPhase;
			buildActionMask = 2147483647;
			files = (
			);
			runOnlyForDeploymentPostprocessing = 0;
		};
		BEB694C52DAF63A8009A04E0 /* Resources */ = {
			isa = PBXResourcesBuildPhase;
			buildActionMask = 2147483647;
			files = (
			);
			runOnlyForDeploymentPostprocessing = 0;
		};
		BEB694CF2DAF63A8009A04E0 /* Resources */ = {
			isa = PBXResourcesBuildPhase;
			buildActionMask = 2147483647;
			files = (
			);
			runOnlyForDeploymentPostprocessing = 0;
		};
/* End PBXResourcesBuildPhase section */

/* Begin PBXSourcesBuildPhase section */
		BEB694B32DAF63A6009A04E0 /* Sources */ = {
			isa = PBXSourcesBuildPhase;
			buildActionMask = 2147483647;
			files = (
			);
			runOnlyForDeploymentPostprocessing = 0;
		};
		BEB694C32DAF63A8009A04E0 /* Sources */ = {
			isa = PBXSourcesBuildPhase;
			buildActionMask = 2147483647;
			files = (
			);
			runOnlyForDeploymentPostprocessing = 0;
		};
		BEB694CD2DAF63A8009A04E0 /* Sources */ = {
			isa = PBXSourcesBuildPhase;
			buildActionMask = 2147483647;
			files = (
			);
			runOnlyForDeploymentPostprocessing = 0;
		};
/* End PBXSourcesBuildPhase section */

/* Begin PBXTargetDependency section */
		BEB694C92DAF63A8009A04E0 /* PBXTargetDependency */ = {
			isa = PBXTargetDependency;
			target = BEB694B62DAF63A6009A04E0 /* Logo2D */;
			targetProxy = BEB694C82DAF63A8009A04E0 /* PBXContainerItemProxy */;
		};
		BEB694D32DAF63A8009A04E0 /* PBXTargetDependency */ = {
			isa = PBXTargetDependency;
			target = BEB694B62DAF63A6009A04E0 /* Logo2D */;
			targetProxy = BEB694D22DAF63A8009A04E0 /* PBXContainerItemProxy */;
		};
/* End PBXTargetDependency section */

/* Begin XCBuildConfiguration section */
		BEB694D92DAF63A8009A04E0 /* Debug */ = {
			isa = XCBuildConfiguration;
			buildSettings = {
				ALWAYS_SEARCH_USER_PATHS = NO;
				ASSETCATALOG_COMPILER_GENERATE_SWIFT_ASSET_SYMBOL_EXTENSIONS = YES;
				CLANG_ANALYZER_NONNULL = YES;
				CLANG_ANALYZER_NUMBER_OBJECT_CONVERSION = YES_AGGRESSIVE;
				CLANG_CXX_LANGUAGE_STANDARD = "gnu++20";
				CLANG_ENABLE_MODULES = YES;
				CLANG_ENABLE_OBJC_ARC = YES;
				CLANG_ENABLE_OBJC_WEAK = YES;
				CLANG_WARN_BLOCK_CAPTURE_AUTORELEASING = YES;
				CLANG_WARN_BOOL_CONVERSION = YES;
				CLANG_WARN_COMMA = YES;
				CLANG_WARN_CONSTANT_CONVERSION = YES;
				CLANG_WARN_DEPRECATED_OBJC_IMPLEMENTATIONS = YES;
				CLANG_WARN_DIRECT_OBJC_ISA_USAGE = YES_ERROR;
				CLANG_WARN_DOCUMENTATION_COMMENTS = YES;
				CLANG_WARN_EMPTY_BODY = YES;
				CLANG_WARN_ENUM_CONVERSION = YES;
				CLANG_WARN_INFINITE_RECURSION = YES;
				CLANG_WARN_INT_CONVERSION = YES;
				CLANG_WARN_NON_LITERAL_NULL_CONVERSION = YES;
				CLANG_WARN_OBJC_IMPLICIT_RETAIN_SELF = YES;
				CLANG_WARN_OBJC_LITERAL_CONVERSION = YES;
				CLANG_WARN_OBJC_ROOT_CLASS = YES_ERROR;
				CLANG_WARN_QUOTED_INCLUDE_IN_FRAMEWORK_HEADER = YES;
				CLANG_WARN_RANGE_LOOP_ANALYSIS = YES;
				CLANG_WARN_STRICT_PROTOTYPES = YES;
				CLANG_WARN_SUSPICIOUS_MOVE = YES;
				CLANG_WARN_UNGUARDED_AVAILABILITY = YES_AGGRESSIVE;
				CLANG_WARN_UNREACHABLE_CODE = YES;
				CLANG_WARN__DUPLICATE_METHOD_MATCH = YES;
				COPY_PHASE_STRIP = NO;
				DEBUG_INFORMATION_FORMAT = dwarf;
				ENABLE_STRICT_OBJC_MSGSEND = YES;
				ENABLE_TESTABILITY = YES;
				ENABLE_USER_SCRIPT_SANDBOXING = YES;
				GCC_C_LANGUAGE_STANDARD = gnu17;
				GCC_DYNAMIC_NO_PIC = NO;
				GCC_NO_COMMON_BLOCKS = YES;
				GCC_OPTIMIZATION_LEVEL = 0;
				GCC_PREPROCESSOR_DEFINITIONS = (
					"DEBUG=1",
					"$(inherited)",
				);
				GCC_WARN_64_TO_32_BIT_CONVERSION = YES;
				GCC_WARN_ABOUT_RETURN_TYPE = YES_ERROR;
				GCC_WARN_UNDECLARED_SELECTOR = YES;
				GCC_WARN_UNINITIALIZED_AUTOS = YES_AGGRESSIVE;
				GCC_WARN_UNUSED_FUNCTION = YES;
				GCC_WARN_UNUSED_VARIABLE = YES;
				IPHONEOS_DEPLOYMENT_TARGET = 18.1;
				LOCALIZATION_PREFERS_STRING_CATALOGS = YES;
				MTL_ENABLE_DEBUG_INFO = INCLUDE_SOURCE;
				MTL_FAST_MATH = YES;
				ONLY_ACTIVE_ARCH = YES;
				SDKROOT = iphoneos;
				SWIFT_ACTIVE_COMPILATION_CONDITIONS = "DEBUG $(inherited)";
				SWIFT_OPTIMIZATION_LEVEL = "-Onone";
			};
			name = Debug;
		};
		BEB694DA2DAF63A8009A04E0 /* Release */ = {
			isa = XCBuildConfiguration;
			buildSettings = {
				ALWAYS_SEARCH_USER_PATHS = NO;
				ASSETCATALOG_COMPILER_GENERATE_SWIFT_ASSET_SYMBOL_EXTENSIONS = YES;
				CLANG_ANALYZER_NONNULL = YES;
				CLANG_ANALYZER_NUMBER_OBJECT_CONVERSION = YES_AGGRESSIVE;
				CLANG_CXX_LANGUAGE_STANDARD = "gnu++20";
				CLANG_ENABLE_MODULES = YES;
				CLANG_ENABLE_OBJC_ARC = YES;
				CLANG_ENABLE_OBJC_WEAK = YES;
				CLANG_WARN_BLOCK_CAPTURE_AUTORELEASING = YES;
				CLANG_WARN_BOOL_CONVERSION = YES;
				CLANG_WARN_COMMA = YES;
				CLANG_WARN_CONSTANT_CONVERSION = YES;
				CLANG_WARN_DEPRECATED_OBJC_IMPLEMENTATIONS = YES;
				CLANG_WARN_DIRECT_OBJC_ISA_USAGE = YES_ERROR;
				CLANG_WARN_DOCUMENTATION_COMMENTS = YES;
				CLANG_WARN_EMPTY_BODY = YES;
				CLANG_WARN_ENUM_CONVERSION = YES;
				CLANG_WARN_INFINITE_RECURSION = YES;
				CLANG_WARN_INT_CONVERSION = YES;
				CLANG_WARN_NON_LITERAL_NULL_CONVERSION = YES;
				CLANG_WARN_OBJC_IMPLICIT_RETAIN_SELF = YES;
				CLANG_WARN_OBJC_LITERAL_CONVERSION = YES;
				CLANG_WARN_OBJC_ROOT_CLASS = YES_ERROR;
				CLANG_WARN_QUOTED_INCLUDE_IN_FRAMEWORK_HEADER = YES;
				CLANG_WARN_RANGE_LOOP_ANALYSIS = YES;
				CLANG_WARN_STRICT_PROTOTYPES = YES;
				CLANG_WARN_SUSPICIOUS_MOVE = YES;
				CLANG_WARN_UNGUARDED_AVAILABILITY = YES_AGGRESSIVE;
				CLANG_WARN_UNREACHABLE_CODE = YES;
				CLANG_WARN__DUPLICATE_METHOD_MATCH = YES;
				COPY_PHASE_STRIP = NO;
				DEBUG_INFORMATION_FORMAT = "dwarf-with-dsym";
				ENABLE_NS_ASSERTIONS = NO;
				ENABLE_STRICT_OBJC_MSGSEND = YES;
				ENABLE_USER_SCRIPT_SANDBOXING = YES;
				GCC_C_LANGUAGE_STANDARD = gnu17;
				GCC_NO_COMMON_BLOCKS = YES;
				GCC_WARN_64_TO_32_BIT_CONVERSION = YES;
				GCC_WARN_ABOUT_RETURN_TYPE = YES_ERROR;
				GCC_WARN_UNDECLARED_SELECTOR = YES;
				GCC_WARN_UNINITIALIZED_AUTOS = YES_AGGRESSIVE;
				GCC_WARN_UNUSED_FUNCTION = YES;
				GCC_WARN_UNUSED_VARIABLE = YES;
				IPHONEOS_DEPLOYMENT_TARGET = 18.1;
				LOCALIZATION_PREFERS_STRING_CATALOGS = YES;
				MTL_ENABLE_DEBUG_INFO = NO;
				MTL_FAST_MATH = YES;
				SDKROOT = iphoneos;
				SWIFT_COMPILATION_MODE = wholemodule;
				VALIDATE_PRODUCT = YES;
			};
			name = Release;
		};
		BEB694DC2DAF63A8009A04E0 /* Debug */ = {
			isa = XCBuildConfiguration;
			buildSettings = {
				ASSETCATALOG_COMPILER_APPICON_NAME = AppIcon;
				ASSETCATALOG_COMPILER_GLOBAL_ACCENT_COLOR_NAME = AccentColor;
				CODE_SIGN_STYLE = Automatic;
				CURRENT_PROJECT_VERSION = 1;
				DEVELOPMENT_ASSET_PATHS = "\"Logo2D/Preview Content\"";
				DEVELOPMENT_TEAM = B29H93CDAU;
				ENABLE_PREVIEWS = YES;
				GENERATE_INFOPLIST_FILE = YES;
				INFOPLIST_KEY_UIApplicationSceneManifest_Generation = YES;
				INFOPLIST_KEY_UIApplicationSupportsIndirectInputEvents = YES;
				INFOPLIST_KEY_UILaunchScreen_Generation = YES;
				INFOPLIST_KEY_UISupportedInterfaceOrientations_iPad = "UIInterfaceOrientationPortrait UIInterfaceOrientationPortraitUpsideDown UIInterfaceOrientationLandscapeLeft UIInterfaceOrientationLandscapeRight";
				INFOPLIST_KEY_UISupportedInterfaceOrientations_iPhone = "UIInterfaceOrientationPortrait UIInterfaceOrientationLandscapeLeft UIInterfaceOrientationLandscapeRight";
				LD_RUNPATH_SEARCH_PATHS = (
					"$(inherited)",
					"@executable_path/Frameworks",
				);
				MARKETING_VERSION = 1.0;
				PRODUCT_BUNDLE_IDENTIFIER = com.ashishdwivedi.Logo2D;
				PRODUCT_NAME = "$(TARGET_NAME)";
				SWIFT_EMIT_LOC_STRINGS = YES;
				SWIFT_VERSION = 5.0;
				TARGETED_DEVICE_FAMILY = "1,2";
			};
			name = Debug;
		};
		BEB694DD2DAF63A8009A04E0 /* Release */ = {
			isa = XCBuildConfiguration;
			buildSettings = {
				ASSETCATALOG_COMPILER_APPICON_NAME = AppIcon;
				ASSETCATALOG_COMPILER_GLOBAL_ACCENT_COLOR_NAME = AccentColor;
				CODE_SIGN_STYLE = Automatic;
				CURRENT_PROJECT_VERSION = 1;
				DEVELOPMENT_ASSET_PATHS = "\"Logo2D/Preview Content\"";
				DEVELOPMENT_TEAM = B29H93CDAU;
				ENABLE_PREVIEWS = YES;
				GENERATE_INFOPLIST_FILE = YES;
				INFOPLIST_KEY_UIApplicationSceneManifest_Generation = YES;
				INFOPLIST_KEY_UIApplicationSupportsIndirectInputEvents = YES;
				INFOPLIST_KEY_UILaunchScreen_Generation = YES;
				INFOPLIST_KEY_UISupportedInterfaceOrientations_iPad = "UIInterfaceOrientationPortrait UIInterfaceOrientationPortraitUpsideDown UIInterfaceOrientationLandscapeLeft UIInterfaceOrientationLandscapeRight";
				INFOPLIST_KEY_UISupportedInterfaceOrientations_iPhone = "UIInterfaceOrientationPortrait UIInterfaceOrientationLandscapeLeft UIInterfaceOrientationLandscapeRight";
				LD_RUNPATH_SEARCH_PATHS = (
					"$(inherited)",
					"@executable_path/Frameworks",
				);
				MARKETING_VERSION = 1.0;
				PRODUCT_BUNDLE_IDENTIFIER = com.ashishdwivedi.Logo2D;
				PRODUCT_NAME = "$(TARGET_NAME)";
				SWIFT_EMIT_LOC_STRINGS = YES;
				SWIFT_VERSION = 5.0;
				TARGETED_DEVICE_FAMILY = "1,2";
			};
			name = Release;
		};
		BEB694DF2DAF63A8009A04E0 /* Debug */ = {
			isa = XCBuildConfiguration;
			buildSettings = {
				BUNDLE_LOADER = "$(TEST_HOST)";
				CODE_SIGN_STYLE = Automatic;
				CURRENT_PROJECT_VERSION = 1;
				DEVELOPMENT_TEAM = B29H93CDAU;
				GENERATE_INFOPLIST_FILE = YES;
				IPHONEOS_DEPLOYMENT_TARGET = 18.1;
				MARKETING_VERSION = 1.0;
				PRODUCT_BUNDLE_IDENTIFIER = com.ashishdwivedi.Logo2DTests;
				PRODUCT_NAME = "$(TARGET_NAME)";
				SWIFT_EMIT_LOC_STRINGS = NO;
				SWIFT_VERSION = 5.0;
				TARGETED_DEVICE_FAMILY = "1,2";
				TEST_HOST = "$(BUILT_PRODUCTS_DIR)/Logo2D.app/$(BUNDLE_EXECUTABLE_FOLDER_PATH)/Logo2D";
			};
			name = Debug;
		};
		BEB694E02DAF63A8009A04E0 /* Release */ = {
			isa = XCBuildConfiguration;
			buildSettings = {
				BUNDLE_LOADER = "$(TEST_HOST)";
				CODE_SIGN_STYLE = Automatic;
				CURRENT_PROJECT_VERSION = 1;
				DEVELOPMENT_TEAM = B29H93CDAU;
				GENERATE_INFOPLIST_FILE = YES;
				IPHONEOS_DEPLOYMENT_TARGET = 18.1;
				MARKETING_VERSION = 1.0;
				PRODUCT_BUNDLE_IDENTIFIER = com.ashishdwivedi.Logo2DTests;
				PRODUCT_NAME = "$(TARGET_NAME)";
				SWIFT_EMIT_LOC_STRINGS = NO;
				SWIFT_VERSION = 5.0;
				TARGETED_DEVICE_FAMILY = "1,2";
				TEST_HOST = "$(BUILT_PRODUCTS_DIR)/Logo2D.app/$(BUNDLE_EXECUTABLE_FOLDER_PATH)/Logo2D";
			};
			name = Release;
		};
		BEB694E22DAF63A8009A04E0 /* Debug */ = {
			isa = XCBuildConfiguration;
			buildSettings = {
				CODE_SIGN_STYLE = Automatic;
				CURRENT_PROJECT_VERSION = 1;
				DEVELOPMENT_TEAM = B29H93CDAU;
				GENERATE_INFOPLIST_FILE = YES;
				MARKETING_VERSION = 1.0;
				PRODUCT_BUNDLE_IDENTIFIER = com.ashishdwivedi.Logo2DUITests;
				PRODUCT_NAME = "$(TARGET_NAME)";
				SWIFT_EMIT_LOC_STRINGS = NO;
				SWIFT_VERSION = 5.0;
				TARGETED_DEVICE_FAMILY = "1,2";
				TEST_TARGET_NAME = Logo2D;
			};
			name = Debug;
		};
		BEB694E32DAF63A8009A04E0 /* Release */ = {
			isa = XCBuildConfiguration;
			buildSettings = {
				CODE_SIGN_STYLE = Automatic;
				CURRENT_PROJECT_VERSION = 1;
				DEVELOPMENT_TEAM = B29H93CDAU;
				GENERATE_INFOPLIST_FILE = YES;
				MARKETING_VERSION = 1.0;
				PRODUCT_BUNDLE_IDENTIFIER = com.ashishdwivedi.Logo2DUITests;
				PRODUCT_NAME = "$(TARGET_NAME)";
				SWIFT_EMIT_LOC_STRINGS = NO;
				SWIFT_VERSION = 5.0;
				TARGETED_DEVICE_FAMILY = "1,2";
				TEST_TARGET_NAME = Logo2D;
			};
			name = Release;
		};
/* End XCBuildConfiguration section */

/* Begin XCConfigurationList section */
		BEB694B22DAF63A6009A04E0 /* Build configuration list for PBXProject "Logo2D" */ = {
			isa = XCConfigurationList;
			buildConfigurations = (
				BEB694D92DAF63A8009A04E0 /* Debug */,
				BEB694DA2DAF63A8009A04E0 /* Release */,
			);
			defaultConfigurationIsVisible = 0;
			defaultConfigurationName = Release;
		};
		BEB694DB2DAF63A8009A04E0 /* Build configuration list for PBXNativeTarget "Logo2D" */ = {
			isa = XCConfigurationList;
			buildConfigurations = (
				BEB694DC2DAF63A8009A04E0 /* Debug */,
				BEB694DD2DAF63A8009A04E0 /* Release */,
			);
			defaultConfigurationIsVisible = 0;
			defaultConfigurationName = Release;
		};
		BEB694DE2DAF63A8009A04E0 /* Build configuration list for PBXNativeTarget "Logo2DTests" */ = {
			isa = XCConfigurationList;
			buildConfigurations = (
				BEB694DF2DAF63A8009A04E0 /* Debug */,
				BEB694E02DAF63A8009A04E0 /* Release */,
			);
			defaultConfigurationIsVisible = 0;
			defaultConfigurationName = Release;
		};
		BEB694E12DAF63A8009A04E0 /* Build configuration list for PBXNativeTarget "Logo2DUITests" */ = {
			isa = XCConfigurationList;
			buildConfigurations = (
				BEB694E22DAF63A8009A04E0 /* Debug */,
				BEB694E32DAF63A8009A04E0 /* Release */,
			);
			defaultConfigurationIsVisible = 0;
			defaultConfigurationName = Release;
		};
/* End XCConfigurationList section */
	};
	rootObject = BEB694AF2DAF63A6009A04E0 /* Project object */;
}
